
Microsoft Visual Studio Solution File, Format Version 12.00
# Visual Studio Version 16
VisualStudioVersion = 16.0.29519.87
MinimumVisualStudioVersion = 10.0.40219.1
Project("{9A19103F-16F7-4668-BE54-9A1E7A4F7556}") = "Section02", "Section2\Section02.csproj", "{A6AF5693-6422-435D-A04F-33E825E031C0}"
EndProject
Project("{9A19103F-16F7-4668-BE54-9A1E7A4F7556}") = "Section03", "Section03\Section03.csproj", "{59260EB5-85E9-4534-8DD3-0871ABBDB24E}"
EndProject
Project("{9A19103F-16F7-4668-BE54-9A1E7A4F7556}") = "Section04", "Section04\Section04.csproj", "{F2FEC26F-1F95-4D5D-9418-2FE9338408B5}"
EndProject
Project("{9A19103F-16F7-4668-BE54-9A1E7A4F7556}") = "Section05_OOP", "Section05_OOP\Section05_OOP.csproj", "{DC411C06-4469-4F25-91BB-518703EABBF7}"
EndProject
Project("{FAE04EC0-301F-11D3-BF4B-00C04F79EFBC}") = "Section06_exceptions", "Section06_exceptions\Section06_exceptions.csproj", "{54F1B080-A5EA-4D70-A6E8-A4853ED48FD7}"
EndProject
Project("{FAE04EC0-301F-11D3-BF4B-00C04F79EFBC}") = "Section08_Practice", "Section08_Practice\Section08_Practice.csproj", "{9FDF07E0-42F6-4B97-AB4E-E97BF5041446}"
EndProject
Project("{FAE04EC0-301F-11D3-BF4B-00C04F79EFBC}") = "Section09_DelegatesLINQ", "Section09_DelegatesLINQ\Section09_DelegatesLINQ.csproj", "{7CE5E967-5CBB-4C25-B0A5-CAC634DB56A1}"
EndProject
Global
	GlobalSection(SolutionConfigurationPlatforms) = preSolution
		Debug|Any CPU = Debug|Any CPU
		Release|Any CPU = Release|Any CPU
	EndGlobalSection
	GlobalSection(ProjectConfigurationPlatforms) = postSolution
		{A6AF5693-6422-435D-A04F-33E825E031C0}.Debug|Any CPU.ActiveCfg = Debug|Any CPU
		{A6AF5693-6422-435D-A04F-33E825E031C0}.Debug|Any CPU.Build.0 = Debug|Any CPU
		{A6AF5693-6422-435D-A04F-33E825E031C0}.Release|Any CPU.ActiveCfg = Release|Any CPU
		{A6AF5693-6422-435D-A04F-33E825E031C0}.Release|Any CPU.Build.0 = Release|Any CPU
		{59260EB5-85E9-4534-8DD3-0871ABBDB24E}.Debug|Any CPU.ActiveCfg = Debug|Any CPU
		{59260EB5-85E9-4534-8DD3-0871ABBDB24E}.Debug|Any CPU.Build.0 = Debug|Any CPU
		{59260EB5-85E9-4534-8DD3-0871ABBDB24E}.Release|Any CPU.ActiveCfg = Release|Any CPU
		{59260EB5-85E9-4534-8DD3-0871ABBDB24E}.Release|Any CPU.Build.0 = Release|Any CPU
		{F2FEC26F-1F95-4D5D-9418-2FE9338408B5}.Debug|Any CPU.ActiveCfg = Debug|Any CPU
		{F2FEC26F-1F95-4D5D-9418-2FE9338408B5}.Debug|Any CPU.Build.0 = Debug|Any CPU
		{F2FEC26F-1F95-4D5D-9418-2FE9338408B5}.Release|Any CPU.ActiveCfg = Release|Any CPU
		{F2FEC26F-1F95-4D5D-9418-2FE9338408B5}.Release|Any CPU.Build.0 = Release|Any CPU
		{DC411C06-4469-4F25-91BB-518703EABBF7}.Debug|Any CPU.ActiveCfg = Debug|Any CPU
		{DC411C06-4469-4F25-91BB-518703EABBF7}.Debug|Any CPU.Build.0 = Debug|Any CPU
		{DC411C06-4469-4F25-91BB-518703EABBF7}.Release|Any CPU.ActiveCfg = Release|Any CPU
		{DC411C06-4469-4F25-91BB-518703EABBF7}.Release|Any CPU.Build.0 = Release|Any CPU
		{54F1B080-A5EA-4D70-A6E8-A4853ED48FD7}.Debug|Any CPU.ActiveCfg = Debug|Any CPU
		{54F1B080-A5EA-4D70-A6E8-A4853ED48FD7}.Debug|Any CPU.Build.0 = Debug|Any CPU
		{54F1B080-A5EA-4D70-A6E8-A4853ED48FD7}.Release|Any CPU.ActiveCfg = Release|Any CPU
		{54F1B080-A5EA-4D70-A6E8-A4853ED48FD7}.Release|Any CPU.Build.0 = Release|Any CPU
		{9FDF07E0-42F6-4B97-AB4E-E97BF5041446}.Debug|Any CPU.ActiveCfg = Debug|Any CPU
		{9FDF07E0-42F6-4B97-AB4E-E97BF5041446}.Debug|Any CPU.Build.0 = Debug|Any CPU
		{9FDF07E0-42F6-4B97-AB4E-E97BF5041446}.Release|Any CPU.ActiveCfg = Release|Any CPU
		{9FDF07E0-42F6-4B97-AB4E-E97BF5041446}.Release|Any CPU.Build.0 = Release|Any CPU
		{7CE5E967-5CBB-4C25-B0A5-CAC634DB56A1}.Debug|Any CPU.ActiveCfg = Debug|Any CPU
		{7CE5E967-5CBB-4C25-B0A5-CAC634DB56A1}.Debug|Any CPU.Build.0 = Debug|Any CPU
		{7CE5E967-5CBB-4C25-B0A5-CAC634DB56A1}.Release|Any CPU.ActiveCfg = Release|Any CPU
		{7CE5E967-5CBB-4C25-B0A5-CAC634DB56A1}.Release|Any CPU.Build.0 = Release|Any CPU
	EndGlobalSection
	GlobalSection(SolutionProperties) = preSolution
		HideSolutionNode = FALSE
	EndGlobalSection
	GlobalSection(ExtensibilityGlobals) = postSolution
		SolutionGuid = {FB440483-83A6-4C8A-A4F7-76797FF75EC8}
	EndGlobalSection
EndGlobal
